
Microsoft Visual Studio Solution File, Format Version 12.00
# Visual Studio 2012
Project("{FAE04EC0-301F-11D3-BF4B-00C04F79EFBC}") = "dockerize-csharp", "dockerize-csharp\dockerize-csharp.csproj", "{73E7316C-C115-4B16-B0BD-B1739CCAF778}"
EndProject
Global
	GlobalSection(SolutionConfigurationPlatforms) = preSolution
		Debug|x86 = Debug|x86
		Release|x86 = Release|x86
	EndGlobalSection
	GlobalSection(ProjectConfigurationPlatforms) = postSolution
		{73E7316C-C115-4B16-B0BD-B1739CCAF778}.Debug|x86.ActiveCfg = Debug|x86
		{73E7316C-C115-4B16-B0BD-B1739CCAF778}.Debug|x86.Build.0 = Debug|x86
		{73E7316C-C115-4B16-B0BD-B1739CCAF778}.Release|x86.ActiveCfg = Release|x86
		{73E7316C-C115-4B16-B0BD-B1739CCAF778}.Release|x86.Build.0 = Release|x86
	EndGlobalSection
EndGlobal
